
Microsoft Visual Studio Solution File, Format Version 12.00
# Visual Studio 15
VisualStudioVersion = 15.0.28307.1209
MinimumVisualStudioVersion = 10.0.40219.1
Project("{FAE04EC0-301F-11D3-BF4B-00C04F79EFBC}") = "TDD.Entities", "TDD.Entities\TDD.Entities.csproj", "{CEA93D6D-A232-42C4-B5B6-438DAC96924D}"
EndProject
Project("{FAE04EC0-301F-11D3-BF4B-00C04F79EFBC}") = "TDD.DataAccess", "TDD.DataAccess\TDD.DataAccess.csproj", "{60798CA5-CD39-479C-BFFF-C7225A0EEE65}"
EndProject
Project("{FAE04EC0-301F-11D3-BF4B-00C04F79EFBC}") = "TDD.Business", "TDD.Business\TDD.Business.csproj", "{D9BC57DF-45DF-405C-AA65-96AF61E52F08}"
EndProject
Project("{FAE04EC0-301F-11D3-BF4B-00C04F79EFBC}") = "TDD.Business.Tests", "TDD.Business.Tests\TDD.Business.Tests.csproj", "{F32418E1-BFED-43E7-9B59-296E1A42C8B5}"
EndProject
Global
	GlobalSection(SolutionConfigurationPlatforms) = preSolution
		Debug|Any CPU = Debug|Any CPU
		Release|Any CPU = Release|Any CPU
	EndGlobalSection
	GlobalSection(ProjectConfigurationPlatforms) = postSolution
		{CEA93D6D-A232-42C4-B5B6-438DAC96924D}.Debug|Any CPU.ActiveCfg = Debug|Any CPU
		{CEA93D6D-A232-42C4-B5B6-438DAC96924D}.Debug|Any CPU.Build.0 = Debug|Any CPU
		{CEA93D6D-A232-42C4-B5B6-438DAC96924D}.Release|Any CPU.ActiveCfg = Release|Any CPU
		{CEA93D6D-A232-42C4-B5B6-438DAC96924D}.Release|Any CPU.Build.0 = Release|Any CPU
		{60798CA5-CD39-479C-BFFF-C7225A0EEE65}.Debug|Any CPU.ActiveCfg = Debug|Any CPU
		{60798CA5-CD39-479C-BFFF-C7225A0EEE65}.Debug|Any CPU.Build.0 = Debug|Any CPU
		{60798CA5-CD39-479C-BFFF-C7225A0EEE65}.Release|Any CPU.ActiveCfg = Release|Any CPU
		{60798CA5-CD39-479C-BFFF-C7225A0EEE65}.Release|Any CPU.Build.0 = Release|Any CPU
		{D9BC57DF-45DF-405C-AA65-96AF61E52F08}.Debug|Any CPU.ActiveCfg = Debug|Any CPU
		{D9BC57DF-45DF-405C-AA65-96AF61E52F08}.Debug|Any CPU.Build.0 = Debug|Any CPU
		{D9BC57DF-45DF-405C-AA65-96AF61E52F08}.Release|Any CPU.ActiveCfg = Release|Any CPU
		{D9BC57DF-45DF-405C-AA65-96AF61E52F08}.Release|Any CPU.Build.0 = Release|Any CPU
		{F32418E1-BFED-43E7-9B59-296E1A42C8B5}.Debug|Any CPU.ActiveCfg = Debug|Any CPU
		{F32418E1-BFED-43E7-9B59-296E1A42C8B5}.Debug|Any CPU.Build.0 = Debug|Any CPU
		{F32418E1-BFED-43E7-9B59-296E1A42C8B5}.Release|Any CPU.ActiveCfg = Release|Any CPU
		{F32418E1-BFED-43E7-9B59-296E1A42C8B5}.Release|Any CPU.Build.0 = Release|Any CPU
	EndGlobalSection
	GlobalSection(SolutionProperties) = preSolution
		HideSolutionNode = FALSE
	EndGlobalSection
	GlobalSection(ExtensibilityGlobals) = postSolution
		SolutionGuid = {2DA2D07C-56BB-4247-937C-9A18CCB5CA37}
	EndGlobalSection
EndGlobal
